PackratFormat: 1.4
PackratVersion: 0.4.8.1
RVersion: 3.3.2
Repos: CRAN=https://mran.revolutionanalytics.com/snapshot/2016-11-01,
    CRANextra=http://www.stats.ox.ac.uk/pub/RWin

Package: PKI
Source: CRAN
Version: 0.1-3
Requires: base64enc

Package: R6
Source: CRAN
Version: 2.2.0
Hash: 712773a3439bd32db5c40938e1a9aac2

Package: RCurl
Source: CRAN
Version: 1.95-4.8
Requires: bitops

Package: RJSONIO
Source: CRAN
Version: 1.3-0

Package: Rcpp
Source: CRAN
Version: 0.12.7
Hash: f0ba7322cfb66f1b563462faa9c2b2ab

Package: assertthat
Source: CRAN
Version: 0.1
Hash: 0afb92b59b02593c70ff8046700ba9d3

Package: base64enc
Source: CRAN
Version: 0.1-3

Package: bitops
Source: CRAN
Version: 1.0-6

Package: bookdown
Source: CRAN
Version: 0.1
Requires: htmltools, knitr, miniUI, rmarkdown, rsconnect, yaml

Package: caTools
Source: CRAN
Version: 1.17.1
Requires: bitops

Package: digest
Source: CRAN
Version: 0.6.10
Hash: 87165608ca8aeb0958835c3c5b52b6b7

Package: evaluate
Source: CRAN
Version: 0.10
Requires: stringr

Package: formatR
Source: CRAN
Version: 1.4

Package: highr
Source: CRAN
Version: 0.6

Package: htmltools
Source: CRAN
Version: 0.3.5
Requires: Rcpp, digest
Hash: a96dc1cfe628e66337c86be732567df2

Package: httpuv
Source: CRAN
Version: 1.3.3
Requires: Rcpp
Hash: 12c4ec43e5609293576e368c740c1f84

Package: jsonlite
Source: CRAN
Version: 1.1
Hash: 86d4b85b84421a4815f1bb4872e30ef4

Package: knitr
Source: CRAN
Version: 1.14
Requires: digest, evaluate, formatR, highr, markdown, stringr, yaml

Package: lazyeval
Source: CRAN
Version: 0.2.0
Hash: 3d6e7608e65bbf5cb170dab1e3c9ed8b

Package: magrittr
Source: CRAN
Version: 1.5
Hash: bdc4d48c3135e8f3b399536ddf160df4

Package: markdown
Source: CRAN
Version: 0.7.7
Requires: mime

Package: mime
Source: CRAN
Version: 0.5
Hash: 463550cf44fb6f0a2359368f42eebe62

Package: miniUI
Source: CRAN
Version: 0.1.1
Requires: htmltools, shiny

Package: packrat
Source: CRAN
Version: 0.4.8-1
Hash: 6ad605ba7b4b476d84be6632393f5765

Package: rmarkdown
Source: CRAN
Version: 1.1
Requires: base64enc, caTools, evaluate, htmltools, jsonlite, knitr,
    tibble, yaml

Package: rsconnect
Source: CRAN
Version: 0.5
Requires: PKI, RCurl, RJSONIO, digest, packrat, rstudioapi, yaml

Package: rstudioapi
Source: CRAN
Version: 0.6

Package: shiny
Source: CRAN
Version: 0.14.1
Requires: R6, digest, htmltools, httpuv, jsonlite, mime, sourcetools,
    xtable

Package: sourcetools
Source: CRAN
Version: 0.1.5
Hash: 04ddeb1c288302222562326a471e2945

Package: stringi
Source: CRAN
Version: 1.1.2
Hash: 1ad6b1cc11d982ac233bf2fa2f7c9684

Package: stringr
Source: CRAN
Version: 1.1.0
Requires: magrittr, stringi
Hash: 4d21d0063b37a17ea18eaec6acd29bf3

Package: tibble
Source: CRAN
Version: 1.2
Requires: Rcpp, assertthat, lazyeval
Hash: 3b35b556ef7acddb0d28fe6a27ad50e4

Package: xtable
Source: CRAN
Version: 1.8-2
Hash: 7293235cfcc14cdff1ce7fd1a0212031

Package: yaml
Source: CRAN
Version: 2.1.13
